
Microsoft Visual Studio Solution File, Format Version 12.00
# Visual Studio Version 16
VisualStudioVersion = 16.0.30907.101
MinimumVisualStudioVersion = 10.0.40219.1
Project("{9A19103F-16F7-4668-BE54-9A1E7A4F7556}") = "ArrayLibrary", "ArrayLibrary\ArrayLibrary.csproj", "{1B7243A2-5FCF-406B-977A-DE350AC6915A}"
EndProject
Project("{9A19103F-16F7-4668-BE54-9A1E7A4F7556}") = "ListLibrary", "ListLibrary\ListLibrary.csproj", "{54CE862B-9A5A-4B6C-AF23-B7F729EFEF0B}"
EndProject
Project("{9A19103F-16F7-4668-BE54-9A1E7A4F7556}") = "XmlLibrary", "XmlLibrary\XmlLibrary.csproj", "{4677AE47-5F0F-413D-9700-0E44F71301E9}"
EndProject
Project("{FAE04EC0-301F-11D3-BF4B-00C04F79EFBC}") = "FormsLibrary", "FormsLibrary\FormsLibrary.csproj", "{8A4029EB-8DC8-42C6-8C9D-C415BE722AB8}"
EndProject
Project("{FAE04EC0-301F-11D3-BF4B-00C04F79EFBC}") = "ClassesDll", "ClassesDll\ClassesDll.csproj", "{838A7F7C-1050-46EE-ADE0-DC35139FE922}"
EndProject
Global
	GlobalSection(SolutionConfigurationPlatforms) = preSolution
		Debug|Any CPU = Debug|Any CPU
		Release|Any CPU = Release|Any CPU
	EndGlobalSection
	GlobalSection(ProjectConfigurationPlatforms) = postSolution
		{1B7243A2-5FCF-406B-977A-DE350AC6915A}.Debug|Any CPU.ActiveCfg = Debug|Any CPU
		{1B7243A2-5FCF-406B-977A-DE350AC6915A}.Debug|Any CPU.Build.0 = Debug|Any CPU
		{1B7243A2-5FCF-406B-977A-DE350AC6915A}.Release|Any CPU.ActiveCfg = Release|Any CPU
		{1B7243A2-5FCF-406B-977A-DE350AC6915A}.Release|Any CPU.Build.0 = Release|Any CPU
		{54CE862B-9A5A-4B6C-AF23-B7F729EFEF0B}.Debug|Any CPU.ActiveCfg = Debug|Any CPU
		{54CE862B-9A5A-4B6C-AF23-B7F729EFEF0B}.Debug|Any CPU.Build.0 = Debug|Any CPU
		{54CE862B-9A5A-4B6C-AF23-B7F729EFEF0B}.Release|Any CPU.ActiveCfg = Release|Any CPU
		{54CE862B-9A5A-4B6C-AF23-B7F729EFEF0B}.Release|Any CPU.Build.0 = Release|Any CPU
		{4677AE47-5F0F-413D-9700-0E44F71301E9}.Debug|Any CPU.ActiveCfg = Debug|Any CPU
		{4677AE47-5F0F-413D-9700-0E44F71301E9}.Debug|Any CPU.Build.0 = Debug|Any CPU
		{4677AE47-5F0F-413D-9700-0E44F71301E9}.Release|Any CPU.ActiveCfg = Release|Any CPU
		{4677AE47-5F0F-413D-9700-0E44F71301E9}.Release|Any CPU.Build.0 = Release|Any CPU
		{8A4029EB-8DC8-42C6-8C9D-C415BE722AB8}.Debug|Any CPU.ActiveCfg = Debug|Any CPU
		{8A4029EB-8DC8-42C6-8C9D-C415BE722AB8}.Debug|Any CPU.Build.0 = Debug|Any CPU
		{8A4029EB-8DC8-42C6-8C9D-C415BE722AB8}.Release|Any CPU.ActiveCfg = Release|Any CPU
		{8A4029EB-8DC8-42C6-8C9D-C415BE722AB8}.Release|Any CPU.Build.0 = Release|Any CPU
		{838A7F7C-1050-46EE-ADE0-DC35139FE922}.Debug|Any CPU.ActiveCfg = Debug|Any CPU
		{838A7F7C-1050-46EE-ADE0-DC35139FE922}.Debug|Any CPU.Build.0 = Debug|Any CPU
		{838A7F7C-1050-46EE-ADE0-DC35139FE922}.Release|Any CPU.ActiveCfg = Release|Any CPU
		{838A7F7C-1050-46EE-ADE0-DC35139FE922}.Release|Any CPU.Build.0 = Release|Any CPU
	EndGlobalSection
	GlobalSection(SolutionProperties) = preSolution
		HideSolutionNode = FALSE
	EndGlobalSection
	GlobalSection(ExtensibilityGlobals) = postSolution
		SolutionGuid = {02A05779-C5BC-4AFD-98A4-9A2F883ED008}
	EndGlobalSection
EndGlobal
